schema: '2.0'
stages:
  data_cleaning:
    cmd: python src/data/data_cleaning.py
    deps:
    - path: data/raw/swiggy.csv
      hash: md5
      md5: 0b050b37dfe6cfbfaa18d7cb4e454377
      size: 7772212
    - path: src/data/data_cleaning.py
      hash: md5
      md5: f5ad421aafd57c91a1366fef5b226570
      size: 9519
    outs:
    - path: data/cleaned/swiggy_cleaned.csv
      hash: md5
      md5: 4918716e52fc57babdcd400dfb3c3f29
      size: 4508527
  data_preparation:
    cmd: python src/data/data_preparation.py
    deps:
    - path: data/cleaned/swiggy_cleaned.csv
      hash: md5
      md5: 4918716e52fc57babdcd400dfb3c3f29
      size: 4508527
    - path: src/data/data_preparation.py
      hash: md5
      md5: bcb14bcd1be98ef2838b765bb763c309
      size: 3008
    params:
      params.yaml:
        Data_Preparation.random_state: 30
        Data_Preparation.test_size: 0.3
    outs:
    - path: data/interim/test.csv
      hash: md5
      md5: 03418ff48d3f8ec86fdbd417c1b237b5
      size: 1352178
    - path: data/interim/train.csv
      hash: md5
      md5: e0bb3ebcd01c0ede2a46e92772470989
      size: 3153391
  data_preprocessing:
    cmd: python src/features/data_preprocessing.py
    deps:
    - path: data/interim/test.csv
      hash: md5
      md5: 03418ff48d3f8ec86fdbd417c1b237b5
      size: 1352178
    - path: data/interim/train.csv
      hash: md5
      md5: e0bb3ebcd01c0ede2a46e92772470989
      size: 3153391
    - path: src/features/data_preprocessing.py
      hash: md5
      md5: f4d8f18efa2d94caef775e4781705204
      size: 6662
    outs:
    - path: data/processed/test_trans.csv
      hash: md5
      md5: 3e4497969172480f490e73d9913b51a1
      size: 1630144
    - path: data/processed/train_trans.csv
      hash: md5
      md5: 212d0e24ec57460761e9a7d474f550e7
      size: 3788589
    - path: models/preprocessor.joblib
      hash: md5
      md5: 540ee8390c27f27e5e62fc9baa3eb156
      size: 8415
  train:
    cmd: python src/models/train.py
    deps:
    - path: data/processed/train_trans.csv
      hash: md5
      md5: 212d0e24ec57460761e9a7d474f550e7
      size: 3788589
    - path: src/models/train.py
      hash: md5
      md5: b7b69ed8e77672b21bfffc93336aa161
      size: 4910
    params:
      params.yaml:
        Train.LightGBM:
          n_estimators: 154
          max_depth: 27
          learning_rate: 0.22234435854395157
          subsample: 0.7592213724048168
          min_child_weight: 20
          min_split_gain: 0.004604680609280751
          reg_lambda: 97.81002379097947
          n_jobs: -1
        Train.Random_Forest:
          n_estimators: 479
          criterion: squared_error
          max_depth: 17
          max_features: 1
          min_samples_split: 9
          min_samples_leaf: 2
          max_samples: 0.6603673526197066
          verbose: 1
          n_jobs: -1
    outs:
    - path: models/model.joblib
      hash: md5
      md5: a3aa93510f2f98a5bc337a3fee4025c8
      size: 140054072
    - path: models/power_transformer.joblib
      hash: md5
      md5: d53937e5b58674156b9bed3a58cf8a45
      size: 821
    - path: models/stacking_regressor.joblib
      hash: md5
      md5: 4197970b64353d068ebcf2f80678ef6c
      size: 140034874
  evaluation:
    cmd: python src/models/evaluation.py
    deps:
    - path: data/processed/test_trans.csv
      hash: md5
      md5: 3e4497969172480f490e73d9913b51a1
      size: 1630144
    - path: data/processed/train_trans.csv
      hash: md5
      md5: 212d0e24ec57460761e9a7d474f550e7
      size: 3788589
    - path: models/model.joblib
      hash: md5
      md5: a3aa93510f2f98a5bc337a3fee4025c8
      size: 140054072
    - path: src/models/evaluation.py
      hash: md5
      md5: 8c368f7daeceb487bf046c4a3090e9c8
      size: 6079
    outs:
    - path: run_information.json
      hash: md5
      md5: 28f2d7bbadfcae44db93acc5c1bcc9f8
      size: 220
  register_model:
    cmd: python src/models/register_model.py
    deps:
    - path: run_information.json
      hash: md5
      md5: 28f2d7bbadfcae44db93acc5c1bcc9f8
      size: 220
    - path: src/models/register_model.py
      hash: md5
      md5: 3dbade5cc020a72f824ceb0bc17a8252
      size: 2099
