schema: '2.0'
stages:
  data_cleaning:
    cmd: python src/data/data_cleaning.py
    deps:
    - path: data/raw/swiggy.csv
      hash: md5
      md5: 0b050b37dfe6cfbfaa18d7cb4e454377
      size: 7772212
    - path: src/data/data_cleaning.py
      hash: md5
      md5: f5ad421aafd57c91a1366fef5b226570
      size: 9519
    outs:
    - path: data/cleaned/swiggy_cleaned.csv
      hash: md5
      md5: 4918716e52fc57babdcd400dfb3c3f29
      size: 4508527
  data_preparation:
    cmd: python src/data/data_preparation.py
    deps:
    - path: data/cleaned/swiggy_cleaned.csv
      hash: md5
      md5: 4918716e52fc57babdcd400dfb3c3f29
      size: 4508527
    - path: src/data/data_preparation.py
      hash: md5
      md5: bcb14bcd1be98ef2838b765bb763c309
      size: 3008
    params:
      params.yaml:
        Data_Preparation.random_state: 1
        Data_Preparation.test_size: 0.3
    outs:
    - path: data/interim/test.csv
      hash: md5
      md5: 0fb2e8e12d32fb55fcb58c96a0218f0d
      size: 1352339
    - path: data/interim/train.csv
      hash: md5
      md5: a0c995af4215ab32b68cf68d3c2d9806
      size: 3153230
  data_preprocessing:
    cmd: python src/features/data_preprocessing.py
    deps:
    - path: data/interim/test.csv
      hash: md5
      md5: 0fb2e8e12d32fb55fcb58c96a0218f0d
      size: 1352339
    - path: data/interim/train.csv
      hash: md5
      md5: a0c995af4215ab32b68cf68d3c2d9806
      size: 3153230
    - path: src/features/data_preprocessing.py
      hash: md5
      md5: f4d8f18efa2d94caef775e4781705204
      size: 6662
    outs:
    - path: data/processed/test_trans.csv
      hash: md5
      md5: db7560e6629a5637257aac1da659d3aa
      size: 1634581
    - path: data/processed/train_trans.csv
      hash: md5
      md5: 1a671e69ab8776df961d2370f5ef62e3
      size: 3784152
    - path: models/preprocessor.joblib
      hash: md5
      md5: c23e9a3fb76aabf7b8d8bd2bed22de41
      size: 8415
  train:
    cmd: python src/models/train.py
    deps:
    - path: data/processed/train_trans.csv
      hash: md5
      md5: 1a671e69ab8776df961d2370f5ef62e3
      size: 3784152
    - path: src/models/train.py
      hash: md5
      md5: b7b69ed8e77672b21bfffc93336aa161
      size: 4910
    params:
      params.yaml:
        Train.LightGBM:
          n_estimators: 154
          max_depth: 27
          learning_rate: 0.22234435854395157
          subsample: 0.7592213724048168
          min_child_weight: 20
          min_split_gain: 0.004604680609280751
          reg_lambda: 97.81002379097947
          n_jobs: -1
        Train.Random_Forest:
          n_estimators: 479
          criterion: squared_error
          max_depth: 17
          max_features: 1
          min_samples_split: 9
          min_samples_leaf: 2
          max_samples: 0.6603673526197066
          verbose: 1
          n_jobs: -1
    outs:
    - path: models/model.joblib
      hash: md5
      md5: 45be4350a0581f7d3e21babf952823ec
      size: 139681880
    - path: models/power_transformer.joblib
      hash: md5
      md5: 6027de4cb9165a19d605521bcaf7e363
      size: 821
    - path: models/stacking_regressor.joblib
      hash: md5
      md5: de8f7845d3db17c89fdbfe335281ed38
      size: 139662682
  evaluation:
    cmd: python src/models/evaluation.py
    deps:
    - path: data/processed/test_trans.csv
      hash: md5
      md5: db7560e6629a5637257aac1da659d3aa
      size: 1634581
    - path: data/processed/train_trans.csv
      hash: md5
      md5: 1a671e69ab8776df961d2370f5ef62e3
      size: 3784152
    - path: models/model.joblib
      hash: md5
      md5: 45be4350a0581f7d3e21babf952823ec
      size: 139681880
    - path: src/models/evaluation.py
      hash: md5
      md5: 8c368f7daeceb487bf046c4a3090e9c8
      size: 6079
    outs:
    - path: run_information.json
      hash: md5
      md5: 5393acf0159db368ae68494670437f47
      size: 220
  register_model:
    cmd: python src/models/register_model.py
    deps:
    - path: run_information.json
      hash: md5
      md5: 5393acf0159db368ae68494670437f47
      size: 220
    - path: src/models/register_model.py
      hash: md5
      md5: 29c56634db213f9ab291cc9bc30c5794
      size: 1963
